# This file is autogenerated, do not edit; changes may be undone by the next 'dep ensure'.


[[projects]]
  branch = "master"
  name = "github.com/huin/goserial"
  packages = ["."]
  revision = "7b90efdb22b1c168a57b998b2780cf541b2c4740"

[solve-meta]
  analyzer-name = "dep"
  analyzer-version = 1
  inputs-digest = "753223b6304811145fd6999f83fb7412c61b5e84cec14891f0c50e05b4d16604"
  solver-name = "gps-cdcl"
  solver-version = 1
